
Microsoft Visual Studio Solution File, Format Version 12.00
# Visual Studio Version 17
VisualStudioVersion = 17.12.35707.178
MinimumVisualStudioVersion = 10.0.40219.1
Project("{FAE04EC0-301F-11D3-BF4B-00C04F79EFBC}") = "CMCS Prototype", "CMCS Prototype.csproj", "{06073C06-91D2-4205-8143-7ACD81612939}"
EndProject
Project("{FAE04EC0-301F-11D3-BF4B-00C04F79EFBC}") = "CMCS-Prototype.Tests", "..\CMCS-Prototype.Tests\CMCS-Prototype.Tests.csproj", "{7E15AB12-FF31-4A14-AC11-8283CDCE4362}"
EndProject
Global
	GlobalSection(SolutionConfigurationPlatforms) = preSolution
		Debug|Any CPU = Debug|Any CPU
		Release|Any CPU = Release|Any CPU
	EndGlobalSection
	GlobalSection(ProjectConfigurationPlatforms) = postSolution
		{06073C06-91D2-4205-8143-7ACD81612939}.Debug|Any CPU.ActiveCfg = Debug|Any CPU
		{06073C06-91D2-4205-8143-7ACD81612939}.Debug|Any CPU.Build.0 = Debug|Any CPU
		{06073C06-91D2-4205-8143-7ACD81612939}.Release|Any CPU.ActiveCfg = Release|Any CPU
		{06073C06-91D2-4205-8143-7ACD81612939}.Release|Any CPU.Build.0 = Release|Any CPU
		{7E15AB12-FF31-4A14-AC11-8283CDCE4362}.Debug|Any CPU.ActiveCfg = Debug|Any CPU
		{7E15AB12-FF31-4A14-AC11-8283CDCE4362}.Debug|Any CPU.Build.0 = Debug|Any CPU
		{7E15AB12-FF31-4A14-AC11-8283CDCE4362}.Release|Any CPU.ActiveCfg = Release|Any CPU
		{7E15AB12-FF31-4A14-AC11-8283CDCE4362}.Release|Any CPU.Build.0 = Release|Any CPU
	EndGlobalSection
	GlobalSection(SolutionProperties) = preSolution
		HideSolutionNode = FALSE
	EndGlobalSection
	GlobalSection(ExtensibilityGlobals) = postSolution
		SolutionGuid = {F0062901-A8BB-4C29-ACA0-345FAC770A52}
	EndGlobalSection
EndGlobal
